
Microsoft Visual Studio Solution File, Format Version 12.00
# Visual Studio 15
Project("{FAE04EC0-301F-11D3-BF4B-00C04F79EFBC}") = "Assembly-CSharp", "Assembly-CSharp.csproj", "{4F1654A4-79C6-2503-136F-A368E31D68ED}"
EndProject
Project("{FAE04EC0-301F-11D3-BF4B-00C04F79EFBC}") = "Assembly-CSharp-Editor", "Assembly-CSharp-Editor.csproj", "{A57A018E-A095-C11A-C04D-D374A684F92A}"
EndProject
Global
	GlobalSection(SolutionConfigurationPlatforms) = preSolution
		Debug|Any CPU = Debug|Any CPU
		Release|Any CPU = Release|Any CPU
	EndGlobalSection
	GlobalSection(ProjectConfigurationPlatforms) = postSolution
		{4F1654A4-79C6-2503-136F-A368E31D68ED}.Debug|Any CPU.ActiveCfg = Debug|Any CPU
		{4F1654A4-79C6-2503-136F-A368E31D68ED}.Debug|Any CPU.Build.0 = Debug|Any CPU
		{4F1654A4-79C6-2503-136F-A368E31D68ED}.Release|Any CPU.ActiveCfg = Release|Any CPU
		{4F1654A4-79C6-2503-136F-A368E31D68ED}.Release|Any CPU.Build.0 = Release|Any CPU
		{A57A018E-A095-C11A-C04D-D374A684F92A}.Debug|Any CPU.ActiveCfg = Debug|Any CPU
		{A57A018E-A095-C11A-C04D-D374A684F92A}.Debug|Any CPU.Build.0 = Debug|Any CPU
		{A57A018E-A095-C11A-C04D-D374A684F92A}.Release|Any CPU.ActiveCfg = Release|Any CPU
		{A57A018E-A095-C11A-C04D-D374A684F92A}.Release|Any CPU.Build.0 = Release|Any CPU
	EndGlobalSection
	GlobalSection(SolutionProperties) = preSolution
		HideSolutionNode = FALSE
	EndGlobalSection
EndGlobal
